
Microsoft Visual Studio Solution File, Format Version 12.00
# Visual Studio 15
VisualStudioVersion = 15.0.28307.136
MinimumVisualStudioVersion = 10.0.40219.1
Project("{FAE04EC0-301F-11D3-BF4B-00C04F79EFBC}") = "Classes", "Classes\Classes.csproj", "{FB09AA48-3F21-4394-8F4A-8DCE7D9391D5}"
EndProject
Project("{FAE04EC0-301F-11D3-BF4B-00C04F79EFBC}") = "Client", "Client\Client.csproj", "{F1E8E89E-869F-489D-98AF-44CCC5923D19}"
EndProject
Global
	GlobalSection(SolutionConfigurationPlatforms) = preSolution
		Debug|Any CPU = Debug|Any CPU
		Release|Any CPU = Release|Any CPU
	EndGlobalSection
	GlobalSection(ProjectConfigurationPlatforms) = postSolution
		{FB09AA48-3F21-4394-8F4A-8DCE7D9391D5}.Debug|Any CPU.ActiveCfg = Debug|Any CPU
		{FB09AA48-3F21-4394-8F4A-8DCE7D9391D5}.Debug|Any CPU.Build.0 = Debug|Any CPU
		{FB09AA48-3F21-4394-8F4A-8DCE7D9391D5}.Release|Any CPU.ActiveCfg = Release|Any CPU
		{FB09AA48-3F21-4394-8F4A-8DCE7D9391D5}.Release|Any CPU.Build.0 = Release|Any CPU
		{F1E8E89E-869F-489D-98AF-44CCC5923D19}.Debug|Any CPU.ActiveCfg = Debug|Any CPU
		{F1E8E89E-869F-489D-98AF-44CCC5923D19}.Debug|Any CPU.Build.0 = Debug|Any CPU
		{F1E8E89E-869F-489D-98AF-44CCC5923D19}.Release|Any CPU.ActiveCfg = Release|Any CPU
		{F1E8E89E-869F-489D-98AF-44CCC5923D19}.Release|Any CPU.Build.0 = Release|Any CPU
	EndGlobalSection
	GlobalSection(SolutionProperties) = preSolution
		HideSolutionNode = FALSE
	EndGlobalSection
	GlobalSection(ExtensibilityGlobals) = postSolution
		SolutionGuid = {E299B541-B67F-4B2C-8B39-244A4F345B5B}
	EndGlobalSection
EndGlobal
